{
  "name": "jwp",
  "version": "1.0.0",
  "lockfileVersion": 3,
  "requires": true,
  "main": "expo-router/entry",
  "private": true,
  "packages": {},
  "devDependencies": {
    "@types/react": "~18.3.0",
    "@types/react-native": "~0.76.0",
    "typescript": "^5.3.3"
  },
  "scripts": {
    "android": "expo run:android",
    "build": "eas build --profile preview --platform all",
    "ios": "expo run:ios",
    "start": "expo start",
    "web": "expo start --web"
  }
}
